github.com/zakariawahyu/go-say-hello v1.0.0 h1:pHOH2B0ic0bktePrN5AulI3zC5EIi1+qy+0qnmCzjdU=
github.com/zakariawahyu/go-say-hello v1.0.0/go.mod h1:LsQtE4hlVE9Z6lePvXJBTTXPSkH7wAoiP6DMjmFBtoc=
github.com/zakariawahyu/go-say-hello v1.1.0 h1:lsHxYSev1jcFCMz2yi6I03P4JTL9oejHHtuJt1LyLEE=
github.com/zakariawahyu/go-say-hello v1.1.0/go.mod h1:LsQtE4hlVE9Z6lePvXJBTTXPSkH7wAoiP6DMjmFBtoc=
github.com/zakariawahyu/go-say-hello/v2 v2.0.0 h1:GC/9lwpNbtbNDfBSo/3o/mcM4lpCa+rL9jFoCZGqofw=
github.com/zakariawahyu/go-say-hello/v2 v2.0.0/go.mod h1:tr2wUKD9yOwpXJhh3pPwdgIzMw73VsyMCHiHys4gdRE=
